
Microsoft Visual Studio Solution File, Format Version 12.00
Project("{2150E333-8FDC-42A3-9474-1A3956D46DE8}") = "Core", "Core", "{AB05E6C2-F89D-4BAF-8601-4EDB8C06598D}"
EndProject
Project("{2150E333-8FDC-42A3-9474-1A3956D46DE8}") = "Services", "Services", "{54803059-8EAD-44A6-A50C-854C4B957D72}"
EndProject
Project("{2150E333-8FDC-42A3-9474-1A3956D46DE8}") = "Tests", "Tests", "{12E9201B-92C9-433B-A055-3B96B9882BC7}"
EndProject
Project("{2150E333-8FDC-42A3-9474-1A3956D46DE8}") = "Tools", "Tools", "{123BB36F-A88F-430F-A402-6F7BB9327787}"
ProjectSection(SolutionItems) = preProject
	Tools\.gitkeep = Tools\.gitkeep
EndProjectSection
EndProject
Project("{FAE04EC0-301F-11D3-BF4B-00C04F79EFBC}") = "Tests.Integration", "Tests\Tests.Integration\Tests.Integration.csproj", "{89C7E20A-35AE-4FA5-8A17-CBE5DC5388F3}"
EndProject
Project("{2150E333-8FDC-42A3-9474-1A3956D46DE8}") = "Server", "Server", "{70DD0FA2-61FA-4EA0-8AFD-D570C90DE574}"
EndProject
Project("{FAE04EC0-301F-11D3-BF4B-00C04F79EFBC}") = "Authentication", "Core\Authentication\Authentication.csproj", "{FBE92AA7-4795-4728-ACEC-BBDE8C0109A2}"
EndProject
Project("{FAE04EC0-301F-11D3-BF4B-00C04F79EFBC}") = "Server.Web", "Services\Server\Server.Web\Server.Web.csproj", "{431E9CFF-CA7A-49FB-86EE-212ABD21CAD7}"
EndProject
Project("{FAE04EC0-301F-11D3-BF4B-00C04F79EFBC}") = "Server.Bll", "Services\Server\Server.Bll\Server.Bll.csproj", "{EA9A0478-9F1D-42B6-9495-7A2FD596DDAA}"
EndProject
Project("{FAE04EC0-301F-11D3-BF4B-00C04F79EFBC}") = "Server.Dal", "Services\Server\Server.Dal\Server.Dal.csproj", "{515DC79B-A50F-434C-BFAE-0258613085D6}"
EndProject
Project("{2150E333-8FDC-42A3-9474-1A3956D46DE8}") = "Tools", "Tools", "{A871816C-FF62-42B1-AC05-CC8E44D59F4E}"
EndProject
Project("{2150E333-8FDC-42A3-9474-1A3956D46DE8}") = "Tests", "Tests", "{7F9102C0-7B2D-4FCD-BA21-74B850BC22BA}"
EndProject
Project("{FAE04EC0-301F-11D3-BF4B-00C04F79EFBC}") = "Server.Core", "Services\Server\Server.Core\Server.Core.csproj", "{5E80D18A-B11B-4813-944C-1BA46D66FA68}"
EndProject
Project("{FAE04EC0-301F-11D3-BF4B-00C04F79EFBC}") = "Server.Dto", "Services\Server\Server.Dto\Server.Dto.csproj", "{F3214CD1-1BDA-4ED5-98E5-EBEA50928508}"
EndProject
Project("{FAE04EC0-301F-11D3-BF4B-00C04F79EFBC}") = "Logger", "Core\Logger\Logger.csproj", "{4A411D5F-26A5-4997-8DF8-67F058F7E0FC}"
EndProject
Project("{FAE04EC0-301F-11D3-BF4B-00C04F79EFBC}") = "Server.Tests.Unit", "Services\Server\Tests\Server.Tests.Unit\Server.Tests.Unit.csproj", "{F51821A3-F167-4D91-AD88-D9AADC1390AA}"
EndProject
Project("{FAE04EC0-301F-11D3-BF4B-00C04F79EFBC}") = "Server.Tests.Integration", "Services\Server\Tests\Server.Tests.Integration\Server.Tests.Integration.csproj", "{D1DD3DBF-70F5-4576-873E-03BE8E0732CC}"
EndProject
Project("{FAE04EC0-301F-11D3-BF4B-00C04F79EFBC}") = "Tests.Development", "Tests\Tests.Development\Tests.Development.csproj", "{944E3266-8BF5-42E5-81B8-5A4861A93715}"
EndProject
Project("{FAE04EC0-301F-11D3-BF4B-00C04F79EFBC}") = "Server.DomainDeclaration", "Services\Server\Tools\Server.DomainDeclaration\Server.DomainDeclaration.csproj", "{381E1ED1-DA01-4423-8729-F0131B6E7C1D}"
EndProject
Project("{FAE04EC0-301F-11D3-BF4B-00C04F79EFBC}") = "Swagger", "Core\Swagger\Swagger.csproj", "{CCA157D9-C0EA-4DC7-89C0-C8737CCDEE8F}"
EndProject
Project("{FAE04EC0-301F-11D3-BF4B-00C04F79EFBC}") = "Server.DbMigrator", "Services\Server\Tools\Server.DbMigrator\Server.DbMigrator.csproj", "{AA120F16-35D7-4A01-8707-AF1768179A50}"
EndProject
Global
	GlobalSection(SolutionConfigurationPlatforms) = preSolution
		Debug|Any CPU = Debug|Any CPU
		Release|Any CPU = Release|Any CPU
	EndGlobalSection
	GlobalSection(NestedProjects) = preSolution
		{89C7E20A-35AE-4FA5-8A17-CBE5DC5388F3} = {12E9201B-92C9-433B-A055-3B96B9882BC7}
		{70DD0FA2-61FA-4EA0-8AFD-D570C90DE574} = {54803059-8EAD-44A6-A50C-854C4B957D72}
		{FBE92AA7-4795-4728-ACEC-BBDE8C0109A2} = {AB05E6C2-F89D-4BAF-8601-4EDB8C06598D}
		{431E9CFF-CA7A-49FB-86EE-212ABD21CAD7} = {70DD0FA2-61FA-4EA0-8AFD-D570C90DE574}
		{EA9A0478-9F1D-42B6-9495-7A2FD596DDAA} = {70DD0FA2-61FA-4EA0-8AFD-D570C90DE574}
		{515DC79B-A50F-434C-BFAE-0258613085D6} = {70DD0FA2-61FA-4EA0-8AFD-D570C90DE574}
		{A871816C-FF62-42B1-AC05-CC8E44D59F4E} = {70DD0FA2-61FA-4EA0-8AFD-D570C90DE574}
		{7F9102C0-7B2D-4FCD-BA21-74B850BC22BA} = {70DD0FA2-61FA-4EA0-8AFD-D570C90DE574}
		{5E80D18A-B11B-4813-944C-1BA46D66FA68} = {70DD0FA2-61FA-4EA0-8AFD-D570C90DE574}
		{F3214CD1-1BDA-4ED5-98E5-EBEA50928508} = {70DD0FA2-61FA-4EA0-8AFD-D570C90DE574}
		{4A411D5F-26A5-4997-8DF8-67F058F7E0FC} = {AB05E6C2-F89D-4BAF-8601-4EDB8C06598D}
		{F51821A3-F167-4D91-AD88-D9AADC1390AA} = {7F9102C0-7B2D-4FCD-BA21-74B850BC22BA}
		{D1DD3DBF-70F5-4576-873E-03BE8E0732CC} = {7F9102C0-7B2D-4FCD-BA21-74B850BC22BA}
		{944E3266-8BF5-42E5-81B8-5A4861A93715} = {12E9201B-92C9-433B-A055-3B96B9882BC7}
		{381E1ED1-DA01-4423-8729-F0131B6E7C1D} = {A871816C-FF62-42B1-AC05-CC8E44D59F4E}
		{CCA157D9-C0EA-4DC7-89C0-C8737CCDEE8F} = {AB05E6C2-F89D-4BAF-8601-4EDB8C06598D}
		{AA120F16-35D7-4A01-8707-AF1768179A50} = {A871816C-FF62-42B1-AC05-CC8E44D59F4E}
	EndGlobalSection
	GlobalSection(ProjectConfigurationPlatforms) = postSolution
		{89C7E20A-35AE-4FA5-8A17-CBE5DC5388F3}.Debug|Any CPU.ActiveCfg = Debug|Any CPU
		{89C7E20A-35AE-4FA5-8A17-CBE5DC5388F3}.Debug|Any CPU.Build.0 = Debug|Any CPU
		{89C7E20A-35AE-4FA5-8A17-CBE5DC5388F3}.Release|Any CPU.ActiveCfg = Release|Any CPU
		{89C7E20A-35AE-4FA5-8A17-CBE5DC5388F3}.Release|Any CPU.Build.0 = Release|Any CPU
		{FBE92AA7-4795-4728-ACEC-BBDE8C0109A2}.Debug|Any CPU.ActiveCfg = Debug|Any CPU
		{FBE92AA7-4795-4728-ACEC-BBDE8C0109A2}.Debug|Any CPU.Build.0 = Debug|Any CPU
		{FBE92AA7-4795-4728-ACEC-BBDE8C0109A2}.Release|Any CPU.ActiveCfg = Release|Any CPU
		{FBE92AA7-4795-4728-ACEC-BBDE8C0109A2}.Release|Any CPU.Build.0 = Release|Any CPU
		{431E9CFF-CA7A-49FB-86EE-212ABD21CAD7}.Debug|Any CPU.ActiveCfg = Debug|Any CPU
		{431E9CFF-CA7A-49FB-86EE-212ABD21CAD7}.Debug|Any CPU.Build.0 = Debug|Any CPU
		{431E9CFF-CA7A-49FB-86EE-212ABD21CAD7}.Release|Any CPU.ActiveCfg = Release|Any CPU
		{431E9CFF-CA7A-49FB-86EE-212ABD21CAD7}.Release|Any CPU.Build.0 = Release|Any CPU
		{EA9A0478-9F1D-42B6-9495-7A2FD596DDAA}.Debug|Any CPU.ActiveCfg = Debug|Any CPU
		{EA9A0478-9F1D-42B6-9495-7A2FD596DDAA}.Debug|Any CPU.Build.0 = Debug|Any CPU
		{EA9A0478-9F1D-42B6-9495-7A2FD596DDAA}.Release|Any CPU.ActiveCfg = Release|Any CPU
		{EA9A0478-9F1D-42B6-9495-7A2FD596DDAA}.Release|Any CPU.Build.0 = Release|Any CPU
		{515DC79B-A50F-434C-BFAE-0258613085D6}.Debug|Any CPU.ActiveCfg = Debug|Any CPU
		{515DC79B-A50F-434C-BFAE-0258613085D6}.Debug|Any CPU.Build.0 = Debug|Any CPU
		{515DC79B-A50F-434C-BFAE-0258613085D6}.Release|Any CPU.ActiveCfg = Release|Any CPU
		{515DC79B-A50F-434C-BFAE-0258613085D6}.Release|Any CPU.Build.0 = Release|Any CPU
		{5E80D18A-B11B-4813-944C-1BA46D66FA68}.Debug|Any CPU.ActiveCfg = Debug|Any CPU
		{5E80D18A-B11B-4813-944C-1BA46D66FA68}.Debug|Any CPU.Build.0 = Debug|Any CPU
		{5E80D18A-B11B-4813-944C-1BA46D66FA68}.Release|Any CPU.ActiveCfg = Release|Any CPU
		{5E80D18A-B11B-4813-944C-1BA46D66FA68}.Release|Any CPU.Build.0 = Release|Any CPU
		{F3214CD1-1BDA-4ED5-98E5-EBEA50928508}.Debug|Any CPU.ActiveCfg = Debug|Any CPU
		{F3214CD1-1BDA-4ED5-98E5-EBEA50928508}.Debug|Any CPU.Build.0 = Debug|Any CPU
		{F3214CD1-1BDA-4ED5-98E5-EBEA50928508}.Release|Any CPU.ActiveCfg = Release|Any CPU
		{F3214CD1-1BDA-4ED5-98E5-EBEA50928508}.Release|Any CPU.Build.0 = Release|Any CPU
		{4A411D5F-26A5-4997-8DF8-67F058F7E0FC}.Debug|Any CPU.ActiveCfg = Debug|Any CPU
		{4A411D5F-26A5-4997-8DF8-67F058F7E0FC}.Debug|Any CPU.Build.0 = Debug|Any CPU
		{4A411D5F-26A5-4997-8DF8-67F058F7E0FC}.Release|Any CPU.ActiveCfg = Release|Any CPU
		{4A411D5F-26A5-4997-8DF8-67F058F7E0FC}.Release|Any CPU.Build.0 = Release|Any CPU
		{F51821A3-F167-4D91-AD88-D9AADC1390AA}.Debug|Any CPU.ActiveCfg = Debug|Any CPU
		{F51821A3-F167-4D91-AD88-D9AADC1390AA}.Debug|Any CPU.Build.0 = Debug|Any CPU
		{F51821A3-F167-4D91-AD88-D9AADC1390AA}.Release|Any CPU.ActiveCfg = Release|Any CPU
		{F51821A3-F167-4D91-AD88-D9AADC1390AA}.Release|Any CPU.Build.0 = Release|Any CPU
		{D1DD3DBF-70F5-4576-873E-03BE8E0732CC}.Debug|Any CPU.ActiveCfg = Debug|Any CPU
		{D1DD3DBF-70F5-4576-873E-03BE8E0732CC}.Debug|Any CPU.Build.0 = Debug|Any CPU
		{D1DD3DBF-70F5-4576-873E-03BE8E0732CC}.Release|Any CPU.ActiveCfg = Release|Any CPU
		{D1DD3DBF-70F5-4576-873E-03BE8E0732CC}.Release|Any CPU.Build.0 = Release|Any CPU
		{944E3266-8BF5-42E5-81B8-5A4861A93715}.Debug|Any CPU.ActiveCfg = Debug|Any CPU
		{944E3266-8BF5-42E5-81B8-5A4861A93715}.Debug|Any CPU.Build.0 = Debug|Any CPU
		{944E3266-8BF5-42E5-81B8-5A4861A93715}.Release|Any CPU.ActiveCfg = Release|Any CPU
		{944E3266-8BF5-42E5-81B8-5A4861A93715}.Release|Any CPU.Build.0 = Release|Any CPU
		{381E1ED1-DA01-4423-8729-F0131B6E7C1D}.Debug|Any CPU.ActiveCfg = Debug|Any CPU
		{381E1ED1-DA01-4423-8729-F0131B6E7C1D}.Debug|Any CPU.Build.0 = Debug|Any CPU
		{381E1ED1-DA01-4423-8729-F0131B6E7C1D}.Release|Any CPU.ActiveCfg = Release|Any CPU
		{381E1ED1-DA01-4423-8729-F0131B6E7C1D}.Release|Any CPU.Build.0 = Release|Any CPU
		{CCA157D9-C0EA-4DC7-89C0-C8737CCDEE8F}.Debug|Any CPU.ActiveCfg = Debug|Any CPU
		{CCA157D9-C0EA-4DC7-89C0-C8737CCDEE8F}.Debug|Any CPU.Build.0 = Debug|Any CPU
		{CCA157D9-C0EA-4DC7-89C0-C8737CCDEE8F}.Release|Any CPU.ActiveCfg = Release|Any CPU
		{CCA157D9-C0EA-4DC7-89C0-C8737CCDEE8F}.Release|Any CPU.Build.0 = Release|Any CPU
		{AA120F16-35D7-4A01-8707-AF1768179A50}.Debug|Any CPU.ActiveCfg = Debug|Any CPU
		{AA120F16-35D7-4A01-8707-AF1768179A50}.Debug|Any CPU.Build.0 = Debug|Any CPU
		{AA120F16-35D7-4A01-8707-AF1768179A50}.Release|Any CPU.ActiveCfg = Release|Any CPU
		{AA120F16-35D7-4A01-8707-AF1768179A50}.Release|Any CPU.Build.0 = Release|Any CPU
	EndGlobalSection
EndGlobal
